# SAMANVAY — Seat 5 · deployment · the exact environment, pinned.
#
# Generated by reading the dev venv's installed distributions (importlib.metadata),
# not by `pip freeze` — no network, no resolver run. It is the full transitive closure,
# so install it with --no-deps and nothing can drift underneath you.
#
#     pip install --no-deps -r requirements.lock
#
# Python 3.11. Not 3.12+, not 3.14: the geo stack (rasterio/GDAL wheels) has no
# published wheels for 3.14 and building GDAL from source is not a one-command install.
#
# No hashes: generating them needs the sdists/wheels, which needs the network. Add
# `--require-hashes` pins when the build host can reach PyPI once. Until then this file
# pins versions exactly, which is the reproducibility guarantee it actually makes.

affine==3.0.1
attrs==26.1.0
certifi==2026.7.22
click==8.5.0
click-plugins==1.1.1.2
cligj==0.7.2
contourpy==1.3.3
cycler==0.12.1
fonttools==4.63.0
ImageIO==2.37.4
iniconfig==2.3.0
kiwisolver==1.5.1
lazy-loader==0.5
matplotlib==3.11.1
networkx==3.6.1
numpy==2.2.6
opencv-python-headless==5.0.0.93
packaging==26.3
pds4_tools==1.4
pillow==12.3.0
pluggy==1.6.0
Pygments==2.21.0
pyparsing==3.3.2
pytest==9.1.1
python-dateutil==2.9.0.post0
PyYAML==6.0.3
rasterio==1.4.4
scikit-image==0.26.0
scipy==1.17.1
six==1.17.0
tifffile==2026.3.3
